
Microsoft Visual Studio Solution File, Format Version 12.00
# Visual Studio 14
VisualStudioVersion = 14.0.25420.1
MinimumVisualStudioVersion = 10.0.40219.1
Project("{FAE04EC0-301F-11D3-BF4B-00C04F79EFBC}") = "AutonomousProviderService", "AutonomousProviderService\AutonomousProviderService.csproj", "{D36509DE-12BA-4522-B5FB-A87BC9B15976}"
EndProject
Project("{FAE04EC0-301F-11D3-BF4B-00C04F79EFBC}") = "Denion.WebService.Cryptography", "Cryptography\Denion.WebService.Cryptography.csproj", "{9CC1B773-736A-4A76-8FC8-C8267BF3BEC4}"
EndProject
Project("{FAE04EC0-301F-11D3-BF4B-00C04F79EFBC}") = "Denion.WebService.Database", "Database\Denion.WebService.Database.csproj", "{0496AA8D-D78C-4CA4-89BE-72081F534CDF}"
EndProject
Project("{FAE04EC0-301F-11D3-BF4B-00C04F79EFBC}") = "GarageClient", "GarageClient\GarageClient.csproj", "{3A29CB94-4785-4DD8-B188-D20BF3E3371E}"
EndProject
Project("{FAE04EC0-301F-11D3-BF4B-00C04F79EFBC}") = "ManualProviderService", "ManualProviderService\ManualProviderService.csproj", "{B4CD1010-90BA-4A0A-8452-9BA396568908}"
EndProject
Project("{FAE04EC0-301F-11D3-BF4B-00C04F79EFBC}") = "NPRProviderService", "NPRProviderService\NPRProviderService.csproj", "{09FA26A8-0499-417A-817D-3510B3B454C9}"
EndProject
Project("{FAE04EC0-301F-11D3-BF4B-00C04F79EFBC}") = "VerwijsIndexBeheer", "VerwijsIndexBeheer\VerwijsIndexBeheer.csproj", "{6D5A9979-6835-43BD-AE18-231C65447307}"
EndProject
Project("{FAE04EC0-301F-11D3-BF4B-00C04F79EFBC}") = "VerwijsIndexInterface", "VerwijsIndexInterface\VerwijsIndexInterface.csproj", "{26F49764-3324-47EB-80E3-B80F76288CCB}"
EndProject
Project("{FAE04EC0-301F-11D3-BF4B-00C04F79EFBC}") = "VerwijsIndexService", "VerwijsIndexService\VerwijsIndexService.csproj", "{37CE6226-DF2B-4766-AF76-E25201BF0DD9}"
EndProject
Project("{FAE04EC0-301F-11D3-BF4B-00C04F79EFBC}") = "ProviderClient", "ProviderClient\ProviderClient.csproj", "{9018A280-6CA8-4CED-B6F2-7CF2C88F5A2C}"
EndProject
Project("{FAE04EC0-301F-11D3-BF4B-00C04F79EFBC}") = "Bridge", "Bridge\Bridge.csproj", "{46D9CCC4-0206-41CF-B3BC-22BA410BACA5}"
EndProject
Project("{FAE04EC0-301F-11D3-BF4B-00C04F79EFBC}") = "ConsolApp", "ConsolApp\ConsolApp.csproj", "{D5788E38-6967-4893-9C35-308C4895DA6A}"
EndProject
Project("{FAE04EC0-301F-11D3-BF4B-00C04F79EFBC}") = "ConsumerService", "ConsumerService\ConsumerService.csproj", "{38C5C008-E139-4EC0-ACCF-FADEA0165281}"
EndProject
Project("{FAE04EC0-301F-11D3-BF4B-00C04F79EFBC}") = "VerwijsIndexShared", "VerwijsIndexShared\VerwijsIndexShared.csproj", "{241BA670-9D8F-4956-BC8A-70CEB58758AF}"
EndProject
Project("{FAE04EC0-301F-11D3-BF4B-00C04F79EFBC}") = "WebControls", "WebControls\WebControls.csproj", "{13C99988-D32B-4F51-9A81-AB0812F085E5}"
EndProject
Project("{FAE04EC0-301F-11D3-BF4B-00C04F79EFBC}") = "NPRPlusProviderService", "NPRPlusProviderService\NPRPlusProviderService.csproj", "{E6A35B04-AD0A-43D6-ABE8-2AAE544066DA}"
EndProject
Project("{FAE04EC0-301F-11D3-BF4B-00C04F79EFBC}") = "AutonomousConsumerService", "AutonomousConsumerService\AutonomousConsumerService.csproj", "{054DECB1-A714-413D-9795-F90AC4FE2368}"
EndProject
Project("{FAE04EC0-301F-11D3-BF4B-00C04F79EFBC}") = "ParkProConsumerService", "ParkProProviderService\ParkProConsumerService.csproj", "{8818D7DB-D365-4A35-B23F-F028D5A770F4}"
EndProject
Project("{FAE04EC0-301F-11D3-BF4B-00C04F79EFBC}") = "WebServiceTestTool", "WebServiceTestTool\WebServiceTestTool.csproj", "{1CB998CC-50CC-43D4-A159-B0EE909C95A6}"
EndProject
Global
	GlobalSection(SolutionConfigurationPlatforms) = preSolution
		Azure|Any CPU = Azure|Any CPU
		BS-SPO13|Any CPU = BS-SPO13|Any CPU
		Debug|Any CPU = Debug|Any CPU
		NPRProd|Any CPU = NPRProd|Any CPU
		NPRTest|Any CPU = NPRTest|Any CPU
		Release|Any CPU = Release|Any CPU
	EndGlobalSection
	GlobalSection(ProjectConfigurationPlatforms) = postSolution
		{D36509DE-12BA-4522-B5FB-A87BC9B15976}.Azure|Any CPU.ActiveCfg = Azure|Any CPU
		{D36509DE-12BA-4522-B5FB-A87BC9B15976}.Azure|Any CPU.Build.0 = Azure|Any CPU
		{D36509DE-12BA-4522-B5FB-A87BC9B15976}.BS-SPO13|Any CPU.ActiveCfg = BS-SPO13|Any CPU
		{D36509DE-12BA-4522-B5FB-A87BC9B15976}.BS-SPO13|Any CPU.Build.0 = BS-SPO13|Any CPU
		{D36509DE-12BA-4522-B5FB-A87BC9B15976}.Debug|Any CPU.ActiveCfg = Debug|Any CPU
		{D36509DE-12BA-4522-B5FB-A87BC9B15976}.Debug|Any CPU.Build.0 = Debug|Any CPU
		{D36509DE-12BA-4522-B5FB-A87BC9B15976}.NPRProd|Any CPU.ActiveCfg = NPRProd|Any CPU
		{D36509DE-12BA-4522-B5FB-A87BC9B15976}.NPRProd|Any CPU.Build.0 = NPRProd|Any CPU
		{D36509DE-12BA-4522-B5FB-A87BC9B15976}.NPRTest|Any CPU.ActiveCfg = NPRTest|Any CPU
		{D36509DE-12BA-4522-B5FB-A87BC9B15976}.NPRTest|Any CPU.Build.0 = NPRTest|Any CPU
		{D36509DE-12BA-4522-B5FB-A87BC9B15976}.Release|Any CPU.ActiveCfg = Release|Any CPU
		{D36509DE-12BA-4522-B5FB-A87BC9B15976}.Release|Any CPU.Build.0 = Release|Any CPU
		{9CC1B773-736A-4A76-8FC8-C8267BF3BEC4}.Azure|Any CPU.ActiveCfg = Azure|Any CPU
		{9CC1B773-736A-4A76-8FC8-C8267BF3BEC4}.Azure|Any CPU.Build.0 = Azure|Any CPU
		{9CC1B773-736A-4A76-8FC8-C8267BF3BEC4}.BS-SPO13|Any CPU.ActiveCfg = BS-SPO13|Any CPU
		{9CC1B773-736A-4A76-8FC8-C8267BF3BEC4}.BS-SPO13|Any CPU.Build.0 = BS-SPO13|Any CPU
		{9CC1B773-736A-4A76-8FC8-C8267BF3BEC4}.Debug|Any CPU.ActiveCfg = Debug|Any CPU
		{9CC1B773-736A-4A76-8FC8-C8267BF3BEC4}.Debug|Any CPU.Build.0 = Debug|Any CPU
		{9CC1B773-736A-4A76-8FC8-C8267BF3BEC4}.NPRProd|Any CPU.ActiveCfg = NPRProd|Any CPU
		{9CC1B773-736A-4A76-8FC8-C8267BF3BEC4}.NPRProd|Any CPU.Build.0 = NPRProd|Any CPU
		{9CC1B773-736A-4A76-8FC8-C8267BF3BEC4}.NPRTest|Any CPU.ActiveCfg = NPRTest|Any CPU
		{9CC1B773-736A-4A76-8FC8-C8267BF3BEC4}.NPRTest|Any CPU.Build.0 = NPRTest|Any CPU
		{9CC1B773-736A-4A76-8FC8-C8267BF3BEC4}.Release|Any CPU.ActiveCfg = Release|Any CPU
		{9CC1B773-736A-4A76-8FC8-C8267BF3BEC4}.Release|Any CPU.Build.0 = Release|Any CPU
		{0496AA8D-D78C-4CA4-89BE-72081F534CDF}.Azure|Any CPU.ActiveCfg = Azure|Any CPU
		{0496AA8D-D78C-4CA4-89BE-72081F534CDF}.Azure|Any CPU.Build.0 = Azure|Any CPU
		{0496AA8D-D78C-4CA4-89BE-72081F534CDF}.BS-SPO13|Any CPU.ActiveCfg = BS-SPO13|Any CPU
		{0496AA8D-D78C-4CA4-89BE-72081F534CDF}.BS-SPO13|Any CPU.Build.0 = BS-SPO13|Any CPU
		{0496AA8D-D78C-4CA4-89BE-72081F534CDF}.Debug|Any CPU.ActiveCfg = Debug|Any CPU
		{0496AA8D-D78C-4CA4-89BE-72081F534CDF}.Debug|Any CPU.Build.0 = Debug|Any CPU
		{0496AA8D-D78C-4CA4-89BE-72081F534CDF}.NPRProd|Any CPU.ActiveCfg = NPRProd|Any CPU
		{0496AA8D-D78C-4CA4-89BE-72081F534CDF}.NPRProd|Any CPU.Build.0 = NPRProd|Any CPU
		{0496AA8D-D78C-4CA4-89BE-72081F534CDF}.NPRTest|Any CPU.ActiveCfg = NPRTest|Any CPU
		{0496AA8D-D78C-4CA4-89BE-72081F534CDF}.NPRTest|Any CPU.Build.0 = NPRTest|Any CPU
		{0496AA8D-D78C-4CA4-89BE-72081F534CDF}.Release|Any CPU.ActiveCfg = Release|Any CPU
		{0496AA8D-D78C-4CA4-89BE-72081F534CDF}.Release|Any CPU.Build.0 = Release|Any CPU
		{3A29CB94-4785-4DD8-B188-D20BF3E3371E}.Azure|Any CPU.ActiveCfg = Azure|Any CPU
		{3A29CB94-4785-4DD8-B188-D20BF3E3371E}.Azure|Any CPU.Build.0 = Azure|Any CPU
		{3A29CB94-4785-4DD8-B188-D20BF3E3371E}.BS-SPO13|Any CPU.ActiveCfg = BS-SPO13|Any CPU
		{3A29CB94-4785-4DD8-B188-D20BF3E3371E}.BS-SPO13|Any CPU.Build.0 = BS-SPO13|Any CPU
		{3A29CB94-4785-4DD8-B188-D20BF3E3371E}.Debug|Any CPU.ActiveCfg = Debug|Any CPU
		{3A29CB94-4785-4DD8-B188-D20BF3E3371E}.Debug|Any CPU.Build.0 = Debug|Any CPU
		{3A29CB94-4785-4DD8-B188-D20BF3E3371E}.NPRProd|Any CPU.ActiveCfg = NPRProd|Any CPU
		{3A29CB94-4785-4DD8-B188-D20BF3E3371E}.NPRProd|Any CPU.Build.0 = NPRProd|Any CPU
		{3A29CB94-4785-4DD8-B188-D20BF3E3371E}.NPRTest|Any CPU.ActiveCfg = NPRTest|Any CPU
		{3A29CB94-4785-4DD8-B188-D20BF3E3371E}.NPRTest|Any CPU.Build.0 = NPRTest|Any CPU
		{3A29CB94-4785-4DD8-B188-D20BF3E3371E}.Release|Any CPU.ActiveCfg = Release|Any CPU
		{3A29CB94-4785-4DD8-B188-D20BF3E3371E}.Release|Any CPU.Build.0 = Release|Any CPU
		{B4CD1010-90BA-4A0A-8452-9BA396568908}.Azure|Any CPU.ActiveCfg = Azure|Any CPU
		{B4CD1010-90BA-4A0A-8452-9BA396568908}.Azure|Any CPU.Build.0 = Azure|Any CPU
		{B4CD1010-90BA-4A0A-8452-9BA396568908}.BS-SPO13|Any CPU.ActiveCfg = BS-SPO13|Any CPU
		{B4CD1010-90BA-4A0A-8452-9BA396568908}.BS-SPO13|Any CPU.Build.0 = BS-SPO13|Any CPU
		{B4CD1010-90BA-4A0A-8452-9BA396568908}.Debug|Any CPU.ActiveCfg = Debug|Any CPU
		{B4CD1010-90BA-4A0A-8452-9BA396568908}.Debug|Any CPU.Build.0 = Debug|Any CPU
		{B4CD1010-90BA-4A0A-8452-9BA396568908}.NPRProd|Any CPU.ActiveCfg = NPRProd|Any CPU
		{B4CD1010-90BA-4A0A-8452-9BA396568908}.NPRProd|Any CPU.Build.0 = NPRProd|Any CPU
		{B4CD1010-90BA-4A0A-8452-9BA396568908}.NPRTest|Any CPU.ActiveCfg = NPRTest|Any CPU
		{B4CD1010-90BA-4A0A-8452-9BA396568908}.NPRTest|Any CPU.Build.0 = NPRTest|Any CPU
		{B4CD1010-90BA-4A0A-8452-9BA396568908}.Release|Any CPU.ActiveCfg = Release|Any CPU
		{B4CD1010-90BA-4A0A-8452-9BA396568908}.Release|Any CPU.Build.0 = Release|Any CPU
		{09FA26A8-0499-417A-817D-3510B3B454C9}.Azure|Any CPU.ActiveCfg = Azure|Any CPU
		{09FA26A8-0499-417A-817D-3510B3B454C9}.Azure|Any CPU.Build.0 = Azure|Any CPU
		{09FA26A8-0499-417A-817D-3510B3B454C9}.BS-SPO13|Any CPU.ActiveCfg = BS-SPO13|Any CPU
		{09FA26A8-0499-417A-817D-3510B3B454C9}.BS-SPO13|Any CPU.Build.0 = BS-SPO13|Any CPU
		{09FA26A8-0499-417A-817D-3510B3B454C9}.Debug|Any CPU.ActiveCfg = Debug|Any CPU
		{09FA26A8-0499-417A-817D-3510B3B454C9}.Debug|Any CPU.Build.0 = Debug|Any CPU
		{09FA26A8-0499-417A-817D-3510B3B454C9}.NPRProd|Any CPU.ActiveCfg = NPRProd|Any CPU
		{09FA26A8-0499-417A-817D-3510B3B454C9}.NPRProd|Any CPU.Build.0 = NPRProd|Any CPU
		{09FA26A8-0499-417A-817D-3510B3B454C9}.NPRTest|Any CPU.ActiveCfg = NPRTest|Any CPU
		{09FA26A8-0499-417A-817D-3510B3B454C9}.NPRTest|Any CPU.Build.0 = NPRTest|Any CPU
		{09FA26A8-0499-417A-817D-3510B3B454C9}.Release|Any CPU.ActiveCfg = Release|Any CPU
		{09FA26A8-0499-417A-817D-3510B3B454C9}.Release|Any CPU.Build.0 = Release|Any CPU
		{6D5A9979-6835-43BD-AE18-231C65447307}.Azure|Any CPU.ActiveCfg = Azure|Any CPU
		{6D5A9979-6835-43BD-AE18-231C65447307}.Azure|Any CPU.Build.0 = Azure|Any CPU
		{6D5A9979-6835-43BD-AE18-231C65447307}.BS-SPO13|Any CPU.ActiveCfg = BS-SPO13|Any CPU
		{6D5A9979-6835-43BD-AE18-231C65447307}.BS-SPO13|Any CPU.Build.0 = BS-SPO13|Any CPU
		{6D5A9979-6835-43BD-AE18-231C65447307}.Debug|Any CPU.ActiveCfg = Debug|Any CPU
		{6D5A9979-6835-43BD-AE18-231C65447307}.Debug|Any CPU.Build.0 = Debug|Any CPU
		{6D5A9979-6835-43BD-AE18-231C65447307}.NPRProd|Any CPU.ActiveCfg = NPRProd|Any CPU
		{6D5A9979-6835-43BD-AE18-231C65447307}.NPRProd|Any CPU.Build.0 = NPRProd|Any CPU
		{6D5A9979-6835-43BD-AE18-231C65447307}.NPRTest|Any CPU.ActiveCfg = NPRTest|Any CPU
		{6D5A9979-6835-43BD-AE18-231C65447307}.NPRTest|Any CPU.Build.0 = NPRTest|Any CPU
		{6D5A9979-6835-43BD-AE18-231C65447307}.Release|Any CPU.ActiveCfg = Release|Any CPU
		{6D5A9979-6835-43BD-AE18-231C65447307}.Release|Any CPU.Build.0 = Release|Any CPU
		{26F49764-3324-47EB-80E3-B80F76288CCB}.Azure|Any CPU.ActiveCfg = Azure|Any CPU
		{26F49764-3324-47EB-80E3-B80F76288CCB}.Azure|Any CPU.Build.0 = Azure|Any CPU
		{26F49764-3324-47EB-80E3-B80F76288CCB}.BS-SPO13|Any CPU.ActiveCfg = BS-SPO13|Any CPU
		{26F49764-3324-47EB-80E3-B80F76288CCB}.BS-SPO13|Any CPU.Build.0 = BS-SPO13|Any CPU
		{26F49764-3324-47EB-80E3-B80F76288CCB}.Debug|Any CPU.ActiveCfg = Debug|Any CPU
		{26F49764-3324-47EB-80E3-B80F76288CCB}.Debug|Any CPU.Build.0 = Debug|Any CPU
		{26F49764-3324-47EB-80E3-B80F76288CCB}.NPRProd|Any CPU.ActiveCfg = NPRProd|Any CPU
		{26F49764-3324-47EB-80E3-B80F76288CCB}.NPRProd|Any CPU.Build.0 = NPRProd|Any CPU
		{26F49764-3324-47EB-80E3-B80F76288CCB}.NPRTest|Any CPU.ActiveCfg = NPRTest|Any CPU
		{26F49764-3324-47EB-80E3-B80F76288CCB}.NPRTest|Any CPU.Build.0 = NPRTest|Any CPU
		{26F49764-3324-47EB-80E3-B80F76288CCB}.Release|Any CPU.ActiveCfg = Release|Any CPU
		{26F49764-3324-47EB-80E3-B80F76288CCB}.Release|Any CPU.Build.0 = Release|Any CPU
		{37CE6226-DF2B-4766-AF76-E25201BF0DD9}.Azure|Any CPU.ActiveCfg = Azure|Any CPU
		{37CE6226-DF2B-4766-AF76-E25201BF0DD9}.Azure|Any CPU.Build.0 = Azure|Any CPU
		{37CE6226-DF2B-4766-AF76-E25201BF0DD9}.BS-SPO13|Any CPU.ActiveCfg = BS-SPO13|Any CPU
		{37CE6226-DF2B-4766-AF76-E25201BF0DD9}.BS-SPO13|Any CPU.Build.0 = BS-SPO13|Any CPU
		{37CE6226-DF2B-4766-AF76-E25201BF0DD9}.Debug|Any CPU.ActiveCfg = Debug|Any CPU
		{37CE6226-DF2B-4766-AF76-E25201BF0DD9}.Debug|Any CPU.Build.0 = Debug|Any CPU
		{37CE6226-DF2B-4766-AF76-E25201BF0DD9}.NPRProd|Any CPU.ActiveCfg = NPRProd|Any CPU
		{37CE6226-DF2B-4766-AF76-E25201BF0DD9}.NPRProd|Any CPU.Build.0 = NPRProd|Any CPU
		{37CE6226-DF2B-4766-AF76-E25201BF0DD9}.NPRTest|Any CPU.ActiveCfg = NPRTest|Any CPU
		{37CE6226-DF2B-4766-AF76-E25201BF0DD9}.NPRTest|Any CPU.Build.0 = NPRTest|Any CPU
		{37CE6226-DF2B-4766-AF76-E25201BF0DD9}.Release|Any CPU.ActiveCfg = Release|Any CPU
		{37CE6226-DF2B-4766-AF76-E25201BF0DD9}.Release|Any CPU.Build.0 = Release|Any CPU
		{9018A280-6CA8-4CED-B6F2-7CF2C88F5A2C}.Azure|Any CPU.ActiveCfg = Azure|Any CPU
		{9018A280-6CA8-4CED-B6F2-7CF2C88F5A2C}.Azure|Any CPU.Build.0 = Azure|Any CPU
		{9018A280-6CA8-4CED-B6F2-7CF2C88F5A2C}.BS-SPO13|Any CPU.ActiveCfg = BS-SPO13|Any CPU
		{9018A280-6CA8-4CED-B6F2-7CF2C88F5A2C}.BS-SPO13|Any CPU.Build.0 = BS-SPO13|Any CPU
		{9018A280-6CA8-4CED-B6F2-7CF2C88F5A2C}.Debug|Any CPU.ActiveCfg = Debug|Any CPU
		{9018A280-6CA8-4CED-B6F2-7CF2C88F5A2C}.Debug|Any CPU.Build.0 = Debug|Any CPU
		{9018A280-6CA8-4CED-B6F2-7CF2C88F5A2C}.NPRProd|Any CPU.ActiveCfg = NPRProd|Any CPU
		{9018A280-6CA8-4CED-B6F2-7CF2C88F5A2C}.NPRProd|Any CPU.Build.0 = NPRProd|Any CPU
		{9018A280-6CA8-4CED-B6F2-7CF2C88F5A2C}.NPRTest|Any CPU.ActiveCfg = NPRTest|Any CPU
		{9018A280-6CA8-4CED-B6F2-7CF2C88F5A2C}.NPRTest|Any CPU.Build.0 = NPRTest|Any CPU
		{9018A280-6CA8-4CED-B6F2-7CF2C88F5A2C}.Release|Any CPU.ActiveCfg = Release|Any CPU
		{9018A280-6CA8-4CED-B6F2-7CF2C88F5A2C}.Release|Any CPU.Build.0 = Release|Any CPU
		{46D9CCC4-0206-41CF-B3BC-22BA410BACA5}.Azure|Any CPU.ActiveCfg = Azure|Any CPU
		{46D9CCC4-0206-41CF-B3BC-22BA410BACA5}.Azure|Any CPU.Build.0 = Azure|Any CPU
		{46D9CCC4-0206-41CF-B3BC-22BA410BACA5}.BS-SPO13|Any CPU.ActiveCfg = BS-SPO13|Any CPU
		{46D9CCC4-0206-41CF-B3BC-22BA410BACA5}.BS-SPO13|Any CPU.Build.0 = BS-SPO13|Any CPU
		{46D9CCC4-0206-41CF-B3BC-22BA410BACA5}.Debug|Any CPU.ActiveCfg = Debug|Any CPU
		{46D9CCC4-0206-41CF-B3BC-22BA410BACA5}.Debug|Any CPU.Build.0 = Debug|Any CPU
		{46D9CCC4-0206-41CF-B3BC-22BA410BACA5}.NPRProd|Any CPU.ActiveCfg = Release|Any CPU
		{46D9CCC4-0206-41CF-B3BC-22BA410BACA5}.NPRProd|Any CPU.Build.0 = Release|Any CPU
		{46D9CCC4-0206-41CF-B3BC-22BA410BACA5}.NPRTest|Any CPU.ActiveCfg = Release|Any CPU
		{46D9CCC4-0206-41CF-B3BC-22BA410BACA5}.NPRTest|Any CPU.Build.0 = Release|Any CPU
		{46D9CCC4-0206-41CF-B3BC-22BA410BACA5}.Release|Any CPU.ActiveCfg = Release|Any CPU
		{46D9CCC4-0206-41CF-B3BC-22BA410BACA5}.Release|Any CPU.Build.0 = Release|Any CPU
		{D5788E38-6967-4893-9C35-308C4895DA6A}.Azure|Any CPU.ActiveCfg = Azure|Any CPU
		{D5788E38-6967-4893-9C35-308C4895DA6A}.Azure|Any CPU.Build.0 = Azure|Any CPU
		{D5788E38-6967-4893-9C35-308C4895DA6A}.BS-SPO13|Any CPU.ActiveCfg = BS-SPO13|Any CPU
		{D5788E38-6967-4893-9C35-308C4895DA6A}.BS-SPO13|Any CPU.Build.0 = BS-SPO13|Any CPU
		{D5788E38-6967-4893-9C35-308C4895DA6A}.Debug|Any CPU.ActiveCfg = Debug|Any CPU
		{D5788E38-6967-4893-9C35-308C4895DA6A}.Debug|Any CPU.Build.0 = Debug|Any CPU
		{D5788E38-6967-4893-9C35-308C4895DA6A}.NPRProd|Any CPU.ActiveCfg = Release|Any CPU
		{D5788E38-6967-4893-9C35-308C4895DA6A}.NPRProd|Any CPU.Build.0 = Release|Any CPU
		{D5788E38-6967-4893-9C35-308C4895DA6A}.NPRTest|Any CPU.ActiveCfg = Release|Any CPU
		{D5788E38-6967-4893-9C35-308C4895DA6A}.NPRTest|Any CPU.Build.0 = Release|Any CPU
		{D5788E38-6967-4893-9C35-308C4895DA6A}.Release|Any CPU.ActiveCfg = Release|Any CPU
		{D5788E38-6967-4893-9C35-308C4895DA6A}.Release|Any CPU.Build.0 = Release|Any CPU
		{38C5C008-E139-4EC0-ACCF-FADEA0165281}.Azure|Any CPU.ActiveCfg = Azure|Any CPU
		{38C5C008-E139-4EC0-ACCF-FADEA0165281}.Azure|Any CPU.Build.0 = Azure|Any CPU
		{38C5C008-E139-4EC0-ACCF-FADEA0165281}.BS-SPO13|Any CPU.ActiveCfg = Release|Any CPU
		{38C5C008-E139-4EC0-ACCF-FADEA0165281}.BS-SPO13|Any CPU.Build.0 = Release|Any CPU
		{38C5C008-E139-4EC0-ACCF-FADEA0165281}.Debug|Any CPU.ActiveCfg = Debug|Any CPU
		{38C5C008-E139-4EC0-ACCF-FADEA0165281}.Debug|Any CPU.Build.0 = Debug|Any CPU
		{38C5C008-E139-4EC0-ACCF-FADEA0165281}.NPRProd|Any CPU.ActiveCfg = Release|Any CPU
		{38C5C008-E139-4EC0-ACCF-FADEA0165281}.NPRProd|Any CPU.Build.0 = Release|Any CPU
		{38C5C008-E139-4EC0-ACCF-FADEA0165281}.NPRTest|Any CPU.ActiveCfg = Release|Any CPU
		{38C5C008-E139-4EC0-ACCF-FADEA0165281}.NPRTest|Any CPU.Build.0 = Release|Any CPU
		{38C5C008-E139-4EC0-ACCF-FADEA0165281}.Release|Any CPU.ActiveCfg = Release|Any CPU
		{38C5C008-E139-4EC0-ACCF-FADEA0165281}.Release|Any CPU.Build.0 = Release|Any CPU
		{241BA670-9D8F-4956-BC8A-70CEB58758AF}.Azure|Any CPU.ActiveCfg = Azure|Any CPU
		{241BA670-9D8F-4956-BC8A-70CEB58758AF}.Azure|Any CPU.Build.0 = Azure|Any CPU
		{241BA670-9D8F-4956-BC8A-70CEB58758AF}.BS-SPO13|Any CPU.ActiveCfg = Release|Any CPU
		{241BA670-9D8F-4956-BC8A-70CEB58758AF}.BS-SPO13|Any CPU.Build.0 = Release|Any CPU
		{241BA670-9D8F-4956-BC8A-70CEB58758AF}.Debug|Any CPU.ActiveCfg = Debug|Any CPU
		{241BA670-9D8F-4956-BC8A-70CEB58758AF}.Debug|Any CPU.Build.0 = Debug|Any CPU
		{241BA670-9D8F-4956-BC8A-70CEB58758AF}.NPRProd|Any CPU.ActiveCfg = Release|Any CPU
		{241BA670-9D8F-4956-BC8A-70CEB58758AF}.NPRProd|Any CPU.Build.0 = Release|Any CPU
		{241BA670-9D8F-4956-BC8A-70CEB58758AF}.NPRTest|Any CPU.ActiveCfg = Release|Any CPU
		{241BA670-9D8F-4956-BC8A-70CEB58758AF}.NPRTest|Any CPU.Build.0 = Release|Any CPU
		{241BA670-9D8F-4956-BC8A-70CEB58758AF}.Release|Any CPU.ActiveCfg = Release|Any CPU
		{241BA670-9D8F-4956-BC8A-70CEB58758AF}.Release|Any CPU.Build.0 = Release|Any CPU
		{13C99988-D32B-4F51-9A81-AB0812F085E5}.Azure|Any CPU.ActiveCfg = Azure|Any CPU
		{13C99988-D32B-4F51-9A81-AB0812F085E5}.Azure|Any CPU.Build.0 = Azure|Any CPU
		{13C99988-D32B-4F51-9A81-AB0812F085E5}.BS-SPO13|Any CPU.ActiveCfg = Release|Any CPU
		{13C99988-D32B-4F51-9A81-AB0812F085E5}.BS-SPO13|Any CPU.Build.0 = Release|Any CPU
		{13C99988-D32B-4F51-9A81-AB0812F085E5}.Debug|Any CPU.ActiveCfg = Debug|Any CPU
		{13C99988-D32B-4F51-9A81-AB0812F085E5}.Debug|Any CPU.Build.0 = Debug|Any CPU
		{13C99988-D32B-4F51-9A81-AB0812F085E5}.NPRProd|Any CPU.ActiveCfg = Release|Any CPU
		{13C99988-D32B-4F51-9A81-AB0812F085E5}.NPRProd|Any CPU.Build.0 = Release|Any CPU
		{13C99988-D32B-4F51-9A81-AB0812F085E5}.NPRTest|Any CPU.ActiveCfg = Release|Any CPU
		{13C99988-D32B-4F51-9A81-AB0812F085E5}.NPRTest|Any CPU.Build.0 = Release|Any CPU
		{13C99988-D32B-4F51-9A81-AB0812F085E5}.Release|Any CPU.ActiveCfg = Release|Any CPU
		{13C99988-D32B-4F51-9A81-AB0812F085E5}.Release|Any CPU.Build.0 = Release|Any CPU
		{E6A35B04-AD0A-43D6-ABE8-2AAE544066DA}.Azure|Any CPU.ActiveCfg = Azure|Any CPU
		{E6A35B04-AD0A-43D6-ABE8-2AAE544066DA}.Azure|Any CPU.Build.0 = Azure|Any CPU
		{E6A35B04-AD0A-43D6-ABE8-2AAE544066DA}.BS-SPO13|Any CPU.ActiveCfg = Release|Any CPU
		{E6A35B04-AD0A-43D6-ABE8-2AAE544066DA}.BS-SPO13|Any CPU.Build.0 = Release|Any CPU
		{E6A35B04-AD0A-43D6-ABE8-2AAE544066DA}.Debug|Any CPU.ActiveCfg = Debug|Any CPU
		{E6A35B04-AD0A-43D6-ABE8-2AAE544066DA}.Debug|Any CPU.Build.0 = Debug|Any CPU
		{E6A35B04-AD0A-43D6-ABE8-2AAE544066DA}.NPRProd|Any CPU.ActiveCfg = Release|Any CPU
		{E6A35B04-AD0A-43D6-ABE8-2AAE544066DA}.NPRProd|Any CPU.Build.0 = Release|Any CPU
		{E6A35B04-AD0A-43D6-ABE8-2AAE544066DA}.NPRTest|Any CPU.ActiveCfg = Release|Any CPU
		{E6A35B04-AD0A-43D6-ABE8-2AAE544066DA}.NPRTest|Any CPU.Build.0 = Release|Any CPU
		{E6A35B04-AD0A-43D6-ABE8-2AAE544066DA}.Release|Any CPU.ActiveCfg = Release|Any CPU
		{E6A35B04-AD0A-43D6-ABE8-2AAE544066DA}.Release|Any CPU.Build.0 = Release|Any CPU
		{054DECB1-A714-413D-9795-F90AC4FE2368}.Azure|Any CPU.ActiveCfg = Azure|Any CPU
		{054DECB1-A714-413D-9795-F90AC4FE2368}.Azure|Any CPU.Build.0 = Azure|Any CPU
		{054DECB1-A714-413D-9795-F90AC4FE2368}.BS-SPO13|Any CPU.ActiveCfg = Release|Any CPU
		{054DECB1-A714-413D-9795-F90AC4FE2368}.BS-SPO13|Any CPU.Build.0 = Release|Any CPU
		{054DECB1-A714-413D-9795-F90AC4FE2368}.Debug|Any CPU.ActiveCfg = Debug|Any CPU
		{054DECB1-A714-413D-9795-F90AC4FE2368}.Debug|Any CPU.Build.0 = Debug|Any CPU
		{054DECB1-A714-413D-9795-F90AC4FE2368}.NPRProd|Any CPU.ActiveCfg = Release|Any CPU
		{054DECB1-A714-413D-9795-F90AC4FE2368}.NPRProd|Any CPU.Build.0 = Release|Any CPU
		{054DECB1-A714-413D-9795-F90AC4FE2368}.NPRTest|Any CPU.ActiveCfg = Release|Any CPU
		{054DECB1-A714-413D-9795-F90AC4FE2368}.NPRTest|Any CPU.Build.0 = Release|Any CPU
		{054DECB1-A714-413D-9795-F90AC4FE2368}.Release|Any CPU.ActiveCfg = Release|Any CPU
		{054DECB1-A714-413D-9795-F90AC4FE2368}.Release|Any CPU.Build.0 = Release|Any CPU
		{8818D7DB-D365-4A35-B23F-F028D5A770F4}.Azure|Any CPU.ActiveCfg = Release|Any CPU
		{8818D7DB-D365-4A35-B23F-F028D5A770F4}.Azure|Any CPU.Build.0 = Release|Any CPU
		{8818D7DB-D365-4A35-B23F-F028D5A770F4}.BS-SPO13|Any CPU.ActiveCfg = Release|Any CPU
		{8818D7DB-D365-4A35-B23F-F028D5A770F4}.BS-SPO13|Any CPU.Build.0 = Release|Any CPU
		{8818D7DB-D365-4A35-B23F-F028D5A770F4}.Debug|Any CPU.ActiveCfg = Debug|Any CPU
		{8818D7DB-D365-4A35-B23F-F028D5A770F4}.Debug|Any CPU.Build.0 = Debug|Any CPU
		{8818D7DB-D365-4A35-B23F-F028D5A770F4}.NPRProd|Any CPU.ActiveCfg = Release|Any CPU
		{8818D7DB-D365-4A35-B23F-F028D5A770F4}.NPRProd|Any CPU.Build.0 = Release|Any CPU
		{8818D7DB-D365-4A35-B23F-F028D5A770F4}.NPRTest|Any CPU.ActiveCfg = Release|Any CPU
		{8818D7DB-D365-4A35-B23F-F028D5A770F4}.NPRTest|Any CPU.Build.0 = Release|Any CPU
		{8818D7DB-D365-4A35-B23F-F028D5A770F4}.Release|Any CPU.ActiveCfg = Release|Any CPU
		{8818D7DB-D365-4A35-B23F-F028D5A770F4}.Release|Any CPU.Build.0 = Release|Any CPU
		{1CB998CC-50CC-43D4-A159-B0EE909C95A6}.Azure|Any CPU.ActiveCfg = Release|Any CPU
		{1CB998CC-50CC-43D4-A159-B0EE909C95A6}.Azure|Any CPU.Build.0 = Release|Any CPU
		{1CB998CC-50CC-43D4-A159-B0EE909C95A6}.BS-SPO13|Any CPU.ActiveCfg = Release|Any CPU
		{1CB998CC-50CC-43D4-A159-B0EE909C95A6}.BS-SPO13|Any CPU.Build.0 = Release|Any CPU
		{1CB998CC-50CC-43D4-A159-B0EE909C95A6}.Debug|Any CPU.ActiveCfg = Debug|Any CPU
		{1CB998CC-50CC-43D4-A159-B0EE909C95A6}.Debug|Any CPU.Build.0 = Debug|Any CPU
		{1CB998CC-50CC-43D4-A159-B0EE909C95A6}.NPRProd|Any CPU.ActiveCfg = Release|Any CPU
		{1CB998CC-50CC-43D4-A159-B0EE909C95A6}.NPRProd|Any CPU.Build.0 = Release|Any CPU
		{1CB998CC-50CC-43D4-A159-B0EE909C95A6}.NPRTest|Any CPU.ActiveCfg = Release|Any CPU
		{1CB998CC-50CC-43D4-A159-B0EE909C95A6}.NPRTest|Any CPU.Build.0 = Release|Any CPU
		{1CB998CC-50CC-43D4-A159-B0EE909C95A6}.Release|Any CPU.ActiveCfg = Release|Any CPU
		{1CB998CC-50CC-43D4-A159-B0EE909C95A6}.Release|Any CPU.Build.0 = Release|Any CPU
	EndGlobalSection
	GlobalSection(SolutionProperties) = preSolution
		HideSolutionNode = FALSE
	EndGlobalSection
	GlobalSection(TeamFoundationVersionControl) = preSolution
		SccNumberOfProjects = 1
		SccEnterpriseProvider = {4CA58AB2-18FA-4F8D-95D4-32DDF27D184C}
		SccTeamFoundationServer = http://bs-tfs13:8080/tfs/productie
		SccProjectUniqueName0 = WebControls\\WebControls.csproj
		SccProjectName0 = WebControls
		SccAuxPath0 = http://bs-tfs13:8080/tfs/productie
		SccLocalPath0 = WebControls
		SccProvider0 = {4CA58AB2-18FA-4F8D-95D4-32DDF27D184C}
	EndGlobalSection
EndGlobal
